// !$*UTF8*$!
{
	archiveVersion = 1;
	classes = {
	};
	objectVersion = 50;
	objects = {

/* Begin PBXBuildFile section */
		AD6F8D8521584CF400650C8A /* AppDelegate.swift in Sources */ = {isa = PBXBuildFile; fileRef = AD6F8D8421584CF400650C8A /* AppDelegate.swift */; };
		AD6F8D8A21584CF400650C8A /* Main.storyboard in Resources */ = {isa = PBXBuildFile; fileRef = AD6F8D8821584CF400650C8A /* Main.storyboard */; };
		AD6F8D8C21584CF700650C8A /* Assets.xcassets in Resources */ = {isa = PBXBuildFile; fileRef = AD6F8D8B21584CF700650C8A /* Assets.xcassets */; };
		AD6F8D8F21584CF700650C8A /* LaunchScreen.storyboard in Resources */ = {isa = PBXBuildFile; fileRef = AD6F8D8D21584CF700650C8A /* LaunchScreen.storyboard */; };
		AD6F8D9821584D8C00650C8A /* Utilities.swift in Sources */ = {isa = PBXBuildFile; fileRef = AD6F8D9721584D8C00650C8A /* Utilities.swift */; };
		AD6F8D9A21584FC500650C8A /* ImageGalleryCollectionViewController.swift in Sources */ = {isa = PBXBuildFile; fileRef = AD6F8D9921584FC500650C8A /* ImageGalleryCollectionViewController.swift */; };
		AD6F8D9C215854CC00650C8A /* ImageGalleryCollectionViewCell.swift in Sources */ = {isa = PBXBuildFile; fileRef = AD6F8D9B215854CC00650C8A /* ImageGalleryCollectionViewCell.swift */; };
		ADAF5E862160C2240009C1C1 /* ImageGalleryTableViewController.swift in Sources */ = {isa = PBXBuildFile; fileRef = ADAF5E852160C2240009C1C1 /* ImageGalleryTableViewController.swift */; };
		ADAF5E882162B0230009C1C1 /* ImageGalleryModel.swift in Sources */ = {isa = PBXBuildFile; fileRef = ADAF5E872162B0230009C1C1 /* ImageGalleryModel.swift */; };
		ADAF5E8A216404F30009C1C1 /* ImageGallerySplitViewController.swift in Sources */ = {isa = PBXBuildFile; fileRef = ADAF5E89216404F30009C1C1 /* ImageGallerySplitViewController.swift */; };
		ADAF5E8C21640CE20009C1C1 /* ImageViewController.swift in Sources */ = {isa = PBXBuildFile; fileRef = ADAF5E8B21640CE20009C1C1 /* ImageViewController.swift */; };
		ADAF5E8E216556C20009C1C1 /* ImageGalleryTableViewCell.swift in Sources */ = {isa = PBXBuildFile; fileRef = ADAF5E8D216556C20009C1C1 /* ImageGalleryTableViewCell.swift */; };
/* End PBXBuildFile section */

/* Begin PBXFileReference section */
		AD6F8D8121584CF400650C8A /* ImageGallery.app */ = {isa = PBXFileReference; explicitFileType = wrapper.application; includeInIndex = 0; path = ImageGallery.app; sourceTree = BUILT_PRODUCTS_DIR; };
		AD6F8D8421584CF400650C8A /* AppDelegate.swift */ = {isa = PBXFileReference; lastKnownFileType = sourcecode.swift; path = AppDelegate.swift; sourceTree = "<group>"; };
		AD6F8D8921584CF400650C8A /* Base */ = {isa = PBXFileReference; lastKnownFileType = file.storyboard; name = Base; path = Base.lproj/Main.storyboard; sourceTree = "<group>"; };
		AD6F8D8B21584CF700650C8A /* Assets.xcassets */ = {isa = PBXFileReference; lastKnownFileType = folder.assetcatalog; path = Assets.xcassets; sourceTree = "<group>"; };
		AD6F8D8E21584CF700650C8A /* Base */ = {isa = PBXFileReference; lastKnownFileType = file.storyboard; name = Base; path = Base.lproj/LaunchScreen.storyboard; sourceTree = "<group>"; };
		AD6F8D9021584CF700650C8A /* Info.plist */ = {isa = PBXFileReference; lastKnownFileType = text.plist.xml; path = Info.plist; sourceTree = "<group>"; };
		AD6F8D9721584D8C00650C8A /* Utilities.swift */ = {isa = PBXFileReference; lastKnownFileType = sourcecode.swift; path = Utilities.swift; sourceTree = "<group>"; };
		AD6F8D9921584FC500650C8A /* ImageGalleryCollectionViewController.swift */ = {isa = PBXFileReference; lastKnownFileType = sourcecode.swift; path = ImageGalleryCollectionViewController.swift; sourceTree = "<group>"; };
		AD6F8D9B215854CC00650C8A /* ImageGalleryCollectionViewCell.swift */ = {isa = PBXFileReference; lastKnownFileType = sourcecode.swift; path = ImageGalleryCollectionViewCell.swift; sourceTree = "<group>"; };
		ADAF5E852160C2240009C1C1 /* ImageGalleryTableViewController.swift */ = {isa = PBXFileReference; lastKnownFileType = sourcecode.swift; path = ImageGalleryTableViewController.swift; sourceTree = "<group>"; };
		ADAF5E872162B0230009C1C1 /* ImageGalleryModel.swift */ = {isa = PBXFileReference; lastKnownFileType = sourcecode.swift; path = ImageGalleryModel.swift; sourceTree = "<group>"; };
		ADAF5E89216404F30009C1C1 /* ImageGallerySplitViewController.swift */ = {isa = PBXFileReference; lastKnownFileType = sourcecode.swift; path = ImageGallerySplitViewController.swift; sourceTree = "<group>"; };
		ADAF5E8B21640CE20009C1C1 /* ImageViewController.swift */ = {isa = PBXFileReference; lastKnownFileType = sourcecode.swift; path = ImageViewController.swift; sourceTree = "<group>"; };
		ADAF5E8D216556C20009C1C1 /* ImageGalleryTableViewCell.swift */ = {isa = PBXFileReference; lastKnownFileType = sourcecode.swift; path = ImageGalleryTableViewCell.swift; sourceTree = "<group>"; };
/* End PBXFileReference section */

/* Begin PBXFrameworksBuildPhase section */
		AD6F8D7E21584CF400650C8A /* Frameworks */ = {
			isa = PBXFrameworksBuildPhase;
			buildActionMask = 2147483647;
			files = (
			);
			runOnlyForDeploymentPostprocessing = 0;
		};
/* End PBXFrameworksBuildPhase section */

/* Begin PBXGroup section */
		AD6F8D7821584CF400650C8A = {
			isa = PBXGroup;
			children = (
				AD6F8D8321584CF400650C8A /* ImageGallery */,
				AD6F8D8221584CF400650C8A /* Products */,
			);
			sourceTree = "<group>";
		};
		AD6F8D8221584CF400650C8A /* Products */ = {
			isa = PBXGroup;
			children = (
				AD6F8D8121584CF400650C8A /* ImageGallery.app */,
			);
			name = Products;
			sourceTree = "<group>";
		};
		AD6F8D8321584CF400650C8A /* ImageGallery */ = {
			isa = PBXGroup;
			children = (
				AD6F8D8821584CF400650C8A /* Main.storyboard */,
				ADAF5E8B21640CE20009C1C1 /* ImageViewController.swift */,
				ADAF5E89216404F30009C1C1 /* ImageGallerySplitViewController.swift */,
				ADAF5E852160C2240009C1C1 /* ImageGalleryTableViewController.swift */,
				ADAF5E8D216556C20009C1C1 /* ImageGalleryTableViewCell.swift */,
				ADAF5E872162B0230009C1C1 /* ImageGalleryModel.swift */,
				AD6F8D9921584FC500650C8A /* ImageGalleryCollectionViewController.swift */,
				AD6F8D9B215854CC00650C8A /* ImageGalleryCollectionViewCell.swift */,
				AD6F8D9721584D8C00650C8A /* Utilities.swift */,
				AD6F8D9021584CF700650C8A /* Info.plist */,
				AD6F8D9621584D2F00650C8A /* Supporting Documents */,
			);
			path = ImageGallery;
			sourceTree = "<group>";
		};
		AD6F8D9621584D2F00650C8A /* Supporting Documents */ = {
			isa = PBXGroup;
			children = (
				AD6F8D8421584CF400650C8A /* AppDelegate.swift */,
				AD6F8D8B21584CF700650C8A /* Assets.xcassets */,
				AD6F8D8D21584CF700650C8A /* LaunchScreen.storyboard */,
			);
			path = "Supporting Documents";
			sourceTree = "<group>";
		};
/* End PBXGroup section */

/* Begin PBXNativeTarget section */
		AD6F8D8021584CF400650C8A /* ImageGallery */ = {
			isa = PBXNativeTarget;
			buildConfigurationList = AD6F8D9321584CF700650C8A /* Build configuration list for PBXNativeTarget "ImageGallery" */;
			buildPhases = (
				AD6F8D7D21584CF400650C8A /* Sources */,
				AD6F8D7E21584CF400650C8A /* Frameworks */,
				AD6F8D7F21584CF400650C8A /* Resources */,
			);
			buildRules = (
			);
			dependencies = (
			);
			name = ImageGallery;
			productName = ImageGallery;
			productReference = AD6F8D8121584CF400650C8A /* ImageGallery.app */;
			productType = "com.apple.product-type.application";
		};
/* End PBXNativeTarget section */

/* Begin PBXProject section */
		AD6F8D7921584CF400650C8A /* Project object */ = {
			isa = PBXProject;
			attributes = {
				LastSwiftUpdateCheck = 0940;
				LastUpgradeCheck = 0940;
				ORGANIZATIONNAME = SoulfulMachine;
				TargetAttributes = {
					AD6F8D8021584CF400650C8A = {
						CreatedOnToolsVersion = 9.4.1;
					};
				};
			};
			buildConfigurationList = AD6F8D7C21584CF400650C8A /* Build configuration list for PBXProject "ImageGallery" */;
			compatibilityVersion = "Xcode 9.3";
			developmentRegion = en;
			hasScannedForEncodings = 0;
			knownRegions = (
				en,
				Base,
			);
			mainGroup = AD6F8D7821584CF400650C8A;
			productRefGroup = AD6F8D8221584CF400650C8A /* Products */;
			projectDirPath = "";
			projectRoot = "";
			targets = (
				AD6F8D8021584CF400650C8A /* ImageGallery */,
			);
		};
/* End PBXProject section */

/* Begin PBXResourcesBuildPhase section */
		AD6F8D7F21584CF400650C8A /* Resources */ = {
			isa = PBXResourcesBuildPhase;
			buildActionMask = 2147483647;
			files = (
				AD6F8D8F21584CF700650C8A /* LaunchScreen.storyboard in Resources */,
				AD6F8D8C21584CF700650C8A /* Assets.xcassets in Resources */,
				AD6F8D8A21584CF400650C8A /* Main.storyboard in Resources */,
			);
			runOnlyForDeploymentPostprocessing = 0;
		};
/* End PBXResourcesBuildPhase section */

/* Begin PBXSourcesBuildPhase section */
		AD6F8D7D21584CF400650C8A /* Sources */ = {
			isa = PBXSourcesBuildPhase;
			buildActionMask = 2147483647;
			files = (
				ADAF5E862160C2240009C1C1 /* ImageGalleryTableViewController.swift in Sources */,
				AD6F8D9821584D8C00650C8A /* Utilities.swift in Sources */,
				AD6F8D9C215854CC00650C8A /* ImageGalleryCollectionViewCell.swift in Sources */,
				ADAF5E8A216404F30009C1C1 /* ImageGallerySplitViewController.swift in Sources */,
				AD6F8D8521584CF400650C8A /* AppDelegate.swift in Sources */,
				ADAF5E8E216556C20009C1C1 /* ImageGalleryTableViewCell.swift in Sources */,
				ADAF5E882162B0230009C1C1 /* ImageGalleryModel.swift in Sources */,
				ADAF5E8C21640CE20009C1C1 /* ImageViewController.swift in Sources */,
				AD6F8D9A21584FC500650C8A /* ImageGalleryCollectionViewController.swift in Sources */,
			);
			runOnlyForDeploymentPostprocessing = 0;
		};
/* End PBXSourcesBuildPhase section */

/* Begin PBXVariantGroup section */
		AD6F8D8821584CF400650C8A /* Main.storyboard */ = {
			isa = PBXVariantGroup;
			children = (
				AD6F8D8921584CF400650C8A /* Base */,
			);
			name = Main.storyboard;
			sourceTree = "<group>";
		};
		AD6F8D8D21584CF700650C8A /* LaunchScreen.storyboard */ = {
			isa = PBXVariantGroup;
			children = (
				AD6F8D8E21584CF700650C8A /* Base */,
			);
			name = LaunchScreen.storyboard;
			sourceTree = "<group>";
		};
/* End PBXVariantGroup section */

/* Begin XCBuildConfiguration section */
		AD6F8D9121584CF700650C8A /* Debug */ = {
			isa = XCBuildConfiguration;
			buildSettings = {
				ALWAYS_SEARCH_USER_PATHS = NO;
				CLANG_ANALYZER_NONNULL = YES;
				CLANG_ANALYZER_NUMBER_OBJECT_CONVERSION = YES_AGGRESSIVE;
				CLANG_CXX_LANGUAGE_STANDARD = "gnu++14";
				CLANG_CXX_LIBRARY = "libc++";
				CLANG_ENABLE_MODULES = YES;
				CLANG_ENABLE_OBJC_ARC = YES;
				CLANG_ENABLE_OBJC_WEAK = YES;
				CLANG_WARN_BLOCK_CAPTURE_AUTORELEASING = YES;
				CLANG_WARN_BOOL_CONVERSION = YES;
				CLANG_WARN_COMMA = YES;
				CLANG_WARN_CONSTANT_CONVERSION = YES;
				CLANG_WARN_DEPRECATED_OBJC_IMPLEMENTATIONS = YES;
				CLANG_WARN_DIRECT_OBJC_ISA_USAGE = YES_ERROR;
				CLANG_WARN_DOCUMENTATION_COMMENTS = YES;
				CLANG_WARN_EMPTY_BODY = YES;
				CLANG_WARN_ENUM_CONVERSION = YES;
				CLANG_WARN_INFINITE_RECURSION = YES;
				CLANG_WARN_INT_CONVERSION = YES;
				CLANG_WARN_NON_LITERAL_NULL_CONVERSION = YES;
				CLANG_WARN_OBJC_IMPLICIT_RETAIN_SELF = YES;
				CLANG_WARN_OBJC_LITERAL_CONVERSION = YES;
				CLANG_WARN_OBJC_ROOT_CLASS = YES_ERROR;
				CLANG_WARN_RANGE_LOOP_ANALYSIS = YES;
				CLANG_WARN_STRICT_PROTOTYPES = YES;
				CLANG_WARN_SUSPICIOUS_MOVE = YES;
				CLANG_WARN_UNGUARDED_AVAILABILITY = YES_AGGRESSIVE;
				CLANG_WARN_UNREACHABLE_CODE = YES;
				CLANG_WARN__DUPLICATE_METHOD_MATCH = YES;
				CODE_SIGN_IDENTITY = "iPhone Developer";
				COPY_PHASE_STRIP = NO;
				DEBUG_INFORMATION_FORMAT = dwarf;
				ENABLE_STRICT_OBJC_MSGSEND = YES;
				ENABLE_TESTABILITY = YES;
				GCC_C_LANGUAGE_STANDARD = gnu11;
				GCC_DYNAMIC_NO_PIC = NO;
				GCC_NO_COMMON_BLOCKS = YES;
				GCC_OPTIMIZATION_LEVEL = 0;
				GCC_PREPROCESSOR_DEFINITIONS = (
					"DEBUG=1",
					"$(inherited)",
				);
				GCC_WARN_64_TO_32_BIT_CONVERSION = YES;
				GCC_WARN_ABOUT_RETURN_TYPE = YES_ERROR;
				GCC_WARN_UNDECLARED_SELECTOR = YES;
				GCC_WARN_UNINITIALIZED_AUTOS = YES_AGGRESSIVE;
				GCC_WARN_UNUSED_FUNCTION = YES;
				GCC_WARN_UNUSED_VARIABLE = YES;
				IPHONEOS_DEPLOYMENT_TARGET = 11.4;
				MTL_ENABLE_DEBUG_INFO = YES;
				ONLY_ACTIVE_ARCH = YES;
				SDKROOT = iphoneos;
				SWIFT_ACTIVE_COMPILATION_CONDITIONS = DEBUG;
				SWIFT_OPTIMIZATION_LEVEL = "-Onone";
			};
			name = Debug;
		};
		AD6F8D9221584CF700650C8A /* Release */ = {
			isa = XCBuildConfiguration;
			buildSettings = {
				ALWAYS_SEARCH_USER_PATHS = NO;
				CLANG_ANALYZER_NONNULL = YES;
				CLANG_ANALYZER_NUMBER_OBJECT_CONVERSION = YES_AGGRESSIVE;
				CLANG_CXX_LANGUAGE_STANDARD = "gnu++14";
				CLANG_CXX_LIBRARY = "libc++";
				CLANG_ENABLE_MODULES = YES;
				CLANG_ENABLE_OBJC_ARC = YES;
				CLANG_ENABLE_OBJC_WEAK = YES;
				CLANG_WARN_BLOCK_CAPTURE_AUTORELEASING = YES;
				CLANG_WARN_BOOL_CONVERSION = YES;
				CLANG_WARN_COMMA = YES;
				CLANG_WARN_CONSTANT_CONVERSION = YES;
				CLANG_WARN_DEPRECATED_OBJC_IMPLEMENTATIONS = YES;
				CLANG_WARN_DIRECT_OBJC_ISA_USAGE = YES_ERROR;
				CLANG_WARN_DOCUMENTATION_COMMENTS = YES;
				CLANG_WARN_EMPTY_BODY = YES;
				CLANG_WARN_ENUM_CONVERSION = YES;
				CLANG_WARN_INFINITE_RECURSION = YES;
				CLANG_WARN_INT_CONVERSION = YES;
				CLANG_WARN_NON_LITERAL_NULL_CONVERSION = YES;
				CLANG_WARN_OBJC_IMPLICIT_RETAIN_SELF = YES;
				CLANG_WARN_OBJC_LITERAL_CONVERSION = YES;
				CLANG_WARN_OBJC_ROOT_CLASS = YES_ERROR;
				CLANG_WARN_RANGE_LOOP_ANALYSIS = YES;
				CLANG_WARN_STRICT_PROTOTYPES = YES;
				CLANG_WARN_SUSPICIOUS_MOVE = YES;
				CLANG_WARN_UNGUARDED_AVAILABILITY = YES_AGGRESSIVE;
				CLANG_WARN_UNREACHABLE_CODE = YES;
				CLANG_WARN__DUPLICATE_METHOD_MATCH = YES;
				CODE_SIGN_IDENTITY = "iPhone Developer";
				COPY_PHASE_STRIP = NO;
				DEBUG_INFORMATION_FORMAT = "dwarf-with-dsym";
				ENABLE_NS_ASSERTIONS = NO;
				ENABLE_STRICT_OBJC_MSGSEND = YES;
				GCC_C_LANGUAGE_STANDARD = gnu11;
				GCC_NO_COMMON_BLOCKS = YES;
				GCC_WARN_64_TO_32_BIT_CONVERSION = YES;
				GCC_WARN_ABOUT_RETURN_TYPE = YES_ERROR;
				GCC_WARN_UNDECLARED_SELECTOR = YES;
				GCC_WARN_UNINITIALIZED_AUTOS = YES_AGGRESSIVE;
				GCC_WARN_UNUSED_FUNCTION = YES;
				GCC_WARN_UNUSED_VARIABLE = YES;
				IPHONEOS_DEPLOYMENT_TARGET = 11.4;
				MTL_ENABLE_DEBUG_INFO = NO;
				SDKROOT = iphoneos;
				SWIFT_COMPILATION_MODE = wholemodule;
				SWIFT_OPTIMIZATION_LEVEL = "-O";
				VALIDATE_PRODUCT = YES;
			};
			name = Release;
		};
		AD6F8D9421584CF700650C8A /* Debug */ = {
			isa = XCBuildConfiguration;
			buildSettings = {
				ASSETCATALOG_COMPILER_APPICON_NAME = AppIcon;
				CODE_SIGN_STYLE = Automatic;
				DEVELOPMENT_TEAM = C63R5PEP3C;
				INFOPLIST_FILE = ImageGallery/Info.plist;
				LD_RUNPATH_SEARCH_PATHS = (
					"$(inherited)",
					"@executable_path/Frameworks",
				);
				PRODUCT_BUNDLE_IDENTIFIER = com.soulfulmachine.ImageGallery;
				PRODUCT_NAME = "$(TARGET_NAME)";
				SWIFT_VERSION = 4.0;
				TARGETED_DEVICE_FAMILY = "1,2";
			};
			name = Debug;
		};
		AD6F8D9521584CF700650C8A /* Release */ = {
			isa = XCBuildConfiguration;
			buildSettings = {
				ASSETCATALOG_COMPILER_APPICON_NAME = AppIcon;
				CODE_SIGN_STYLE = Automatic;
				DEVELOPMENT_TEAM = C63R5PEP3C;
				INFOPLIST_FILE = ImageGallery/Info.plist;
				LD_RUNPATH_SEARCH_PATHS = (
					"$(inherited)",
					"@executable_path/Frameworks",
				);
				PRODUCT_BUNDLE_IDENTIFIER = com.soulfulmachine.ImageGallery;
				PRODUCT_NAME = "$(TARGET_NAME)";
				SWIFT_VERSION = 4.0;
				TARGETED_DEVICE_FAMILY = "1,2";
			};
			name = Release;
		};
/* End XCBuildConfiguration section */

/* Begin XCConfigurationList section */
		AD6F8D7C21584CF400650C8A /* Build configuration list for PBXProject "ImageGallery" */ = {
			isa = XCConfigurationList;
			buildConfigurations = (
				AD6F8D9121584CF700650C8A /* Debug */,
				AD6F8D9221584CF700650C8A /* Release */,
			);
			defaultConfigurationIsVisible = 0;
			defaultConfigurationName = Release;
		};
		AD6F8D9321584CF700650C8A /* Build configuration list for PBXNativeTarget "ImageGallery" */ = {
			isa = XCConfigurationList;
			buildConfigurations = (
				AD6F8D9421584CF700650C8A /* Debug */,
				AD6F8D9521584CF700650C8A /* Release */,
			);
			defaultConfigurationIsVisible = 0;
			defaultConfigurationName = Release;
		};
/* End XCConfigurationList section */
	};
	rootObject = AD6F8D7921584CF400650C8A /* Project object */;
}
